// !$*UTF8*$!
{
	archiveVersion = 1;
	classes = {
	};
	objectVersion = 77;
	objects = {

/* Begin PBXFileReference section */
		688D5E4A2E0371C0000F5712 /* Day04.playground */ = {isa = PBXFileReference; lastKnownFileType = file.playground; path = Day04.playground; sourceTree = "<group>"; xcLanguageSpecificationIdentifier = xcode.lang.swift; };
		688D5E4B2E0383FE000F5712 /* Checkpoint02.playground */ = {isa = PBXFileReference; lastKnownFileType = file.playground; path = Checkpoint02.playground; sourceTree = "<group>"; xcLanguageSpecificationIdentifier = xcode.lang.swift; };
		688EB0DA2E1B06D900DE0A7E /* Day08.playground */ = {isa = PBXFileReference; lastKnownFileType = file.playground; path = Day08.playground; sourceTree = "<group>"; xcLanguageSpecificationIdentifier = xcode.lang.swift; };
		688EB0DB2E1B0F2500DE0A7E /* Checkpoint04.playground */ = {isa = PBXFileReference; lastKnownFileType = file.playground; path = Checkpoint04.playground; sourceTree = "<group>"; xcLanguageSpecificationIdentifier = xcode.lang.swift; };
		688EB0DC2E1B289700DE0A7E /* Day09.playground */ = {isa = PBXFileReference; lastKnownFileType = file.playground; path = Day09.playground; sourceTree = "<group>"; xcLanguageSpecificationIdentifier = xcode.lang.swift; };
		688EB0DD2E1B365D00DE0A7E /* Checkpoint05.playground */ = {isa = PBXFileReference; lastKnownFileType = file.playground; path = Checkpoint05.playground; sourceTree = "<group>"; xcLanguageSpecificationIdentifier = xcode.lang.swift; };
		68C6C8BB2E1CA0D800C7F2A8 /* Day10.playground */ = {isa = PBXFileReference; lastKnownFileType = file.playground; path = Day10.playground; sourceTree = "<group>"; xcLanguageSpecificationIdentifier = xcode.lang.swift; };
		68D82B752E048072006495CE /* Day05.playground */ = {isa = PBXFileReference; lastKnownFileType = file.playground; path = Day05.playground; sourceTree = "<group>"; xcLanguageSpecificationIdentifier = xcode.lang.swift; };
		68D82B762E19D89A006495CE /* Day06.playground */ = {isa = PBXFileReference; lastKnownFileType = file.playground; path = Day06.playground; sourceTree = "<group>"; xcLanguageSpecificationIdentifier = xcode.lang.swift; };
		68D82B772E19D8DC006495CE /* Checkpoint03.playground */ = {isa = PBXFileReference; lastKnownFileType = file.playground; path = Checkpoint03.playground; sourceTree = "<group>"; xcLanguageSpecificationIdentifier = xcode.lang.swift; };
		68D82B782E19E4BC006495CE /* Day07.playground */ = {isa = PBXFileReference; lastKnownFileType = file.playground; path = Day07.playground; sourceTree = "<group>"; xcLanguageSpecificationIdentifier = xcode.lang.swift; };
		68F837102DFFAB46000035C9 /* Day01.playground */ = {isa = PBXFileReference; lastKnownFileType = file.playground; path = Day01.playground; sourceTree = "<group>"; xcLanguageSpecificationIdentifier = xcode.lang.swift; };
		68F837112E00CDE6000035C9 /* Day02.playground */ = {isa = PBXFileReference; lastKnownFileType = file.playground; path = Day02.playground; sourceTree = "<group>"; xcLanguageSpecificationIdentifier = xcode.lang.swift; };
		68F837122E00CE47000035C9 /* Checkpoint01.playground */ = {isa = PBXFileReference; lastKnownFileType = file.playground; path = Checkpoint01.playground; sourceTree = "<group>"; xcLanguageSpecificationIdentifier = xcode.lang.swift; };
		68F837132E00D524000035C9 /* Day03.playground */ = {isa = PBXFileReference; lastKnownFileType = file.playground; path = Day03.playground; sourceTree = "<group>"; xcLanguageSpecificationIdentifier = xcode.lang.swift; };
/* End PBXFileReference section */

/* Begin PBXGroup section */
		68F837092DFFAB2E000035C9 = {
			isa = PBXGroup;
			children = (
				68C6C8BB2E1CA0D800C7F2A8 /* Day10.playground */,
				688EB0DD2E1B365D00DE0A7E /* Checkpoint05.playground */,
				688EB0DC2E1B289700DE0A7E /* Day09.playground */,
				688EB0DB2E1B0F2500DE0A7E /* Checkpoint04.playground */,
				688EB0DA2E1B06D900DE0A7E /* Day08.playground */,
				68D82B782E19E4BC006495CE /* Day07.playground */,
				68D82B772E19D8DC006495CE /* Checkpoint03.playground */,
				68D82B762E19D89A006495CE /* Day06.playground */,
				68D82B752E048072006495CE /* Day05.playground */,
				688D5E4B2E0383FE000F5712 /* Checkpoint02.playground */,
				688D5E4A2E0371C0000F5712 /* Day04.playground */,
				68F837132E00D524000035C9 /* Day03.playground */,
				68F837122E00CE47000035C9 /* Checkpoint01.playground */,
				68F837112E00CDE6000035C9 /* Day02.playground */,
				68F837102DFFAB46000035C9 /* Day01.playground */,
			);
			sourceTree = "<group>";
		};
/* End PBXGroup section */

/* Begin PBXProject section */
		68F8370A2DFFAB2E000035C9 /* Project object */ = {
			isa = PBXProject;
			attributes = {
				BuildIndependentTargetsInParallel = 1;
				LastUpgradeCheck = 1640;
			};
			buildConfigurationList = 68F8370D2DFFAB2E000035C9 /* Build configuration list for PBXProject "IntroductionToSwift" */;
			developmentRegion = en;
			hasScannedForEncodings = 0;
			knownRegions = (
				en,
				Base,
			);
			mainGroup = 68F837092DFFAB2E000035C9;
			minimizedProjectReferenceProxies = 1;
			preferredProjectObjectVersion = 77;
			projectDirPath = "";
			projectRoot = "";
			targets = (
			);
		};
/* End PBXProject section */

/* Begin XCBuildConfiguration section */
		68F8370E2DFFAB2E000035C9 /* Debug */ = {
			isa = XCBuildConfiguration;
			buildSettings = {
			};
			name = Debug;
		};
		68F8370F2DFFAB2E000035C9 /* Release */ = {
			isa = XCBuildConfiguration;
			buildSettings = {
			};
			name = Release;
		};
/* End XCBuildConfiguration section */

/* Begin XCConfigurationList section */
		68F8370D2DFFAB2E000035C9 /* Build configuration list for PBXProject "IntroductionToSwift" */ = {
			isa = XCConfigurationList;
			buildConfigurations = (
				68F8370E2DFFAB2E000035C9 /* Debug */,
				68F8370F2DFFAB2E000035C9 /* Release */,
			);
			defaultConfigurationIsVisible = 0;
			defaultConfigurationName = Release;
		};
/* End XCConfigurationList section */
	};
	rootObject = 68F8370A2DFFAB2E000035C9 /* Project object */;
}
